
Microsoft Visual Studio Solution File, Format Version 12.00
# Visual Studio Version 17
VisualStudioVersion = 17.11.35327.3
MinimumVisualStudioVersion = 10.0.40219.1
Project("{FAE04EC0-301F-11D3-BF4B-00C04F79EFBC}") = "backend", "backend\backend.csproj", "{CD3CCD60-6873-481A-825B-232CEFADF2DC}"
EndProject
Global
	GlobalSection(SolutionConfigurationPlatforms) = preSolution
		Debug|Any CPU = Debug|Any CPU
		Release|Any CPU = Release|Any CPU
	EndGlobalSection
	GlobalSection(ProjectConfigurationPlatforms) = postSolution
		{CD3CCD60-6873-481A-825B-232CEFADF2DC}.Debug|Any CPU.ActiveCfg = Debug|Any CPU
		{CD3CCD60-6873-481A-825B-232CEFADF2DC}.Debug|Any CPU.Build.0 = Debug|Any CPU
		{CD3CCD60-6873-481A-825B-232CEFADF2DC}.Release|Any CPU.ActiveCfg = Release|Any CPU
		{CD3CCD60-6873-481A-825B-232CEFADF2DC}.Release|Any CPU.Build.0 = Release|Any CPU
	EndGlobalSection
	GlobalSection(SolutionProperties) = preSolution
		HideSolutionNode = FALSE
	EndGlobalSection
	GlobalSection(ExtensibilityGlobals) = postSolution
		SolutionGuid = {CB844CA5-F2FD-4A65-A3C7-850A46D5B1F2}
	EndGlobalSection
EndGlobal
